
Microsoft Visual Studio Solution File, Format Version 12.00
# Visual Studio Version 16
VisualStudioVersion = 16.0.32630.194
MinimumVisualStudioVersion = 10.0.40219.1
Project("{FAE04EC0-301F-11D3-BF4B-00C04F79EFBC}") = "StacksandQueues", "StacksandQueues\StacksandQueues.csproj", "{C7E97D69-6549-4653-872C-5C22DA888ADA}"
EndProject
Global
	GlobalSection(SolutionConfigurationPlatforms) = preSolution
		Debug|Any CPU = Debug|Any CPU
		Release|Any CPU = Release|Any CPU
	EndGlobalSection
	GlobalSection(ProjectConfigurationPlatforms) = postSolution
		{C7E97D69-6549-4653-872C-5C22DA888ADA}.Debug|Any CPU.ActiveCfg = Debug|Any CPU
		{C7E97D69-6549-4653-872C-5C22DA888ADA}.Debug|Any CPU.Build.0 = Debug|Any CPU
		{C7E97D69-6549-4653-872C-5C22DA888ADA}.Release|Any CPU.ActiveCfg = Release|Any CPU
		{C7E97D69-6549-4653-872C-5C22DA888ADA}.Release|Any CPU.Build.0 = Release|Any CPU
	EndGlobalSection
	GlobalSection(SolutionProperties) = preSolution
		HideSolutionNode = FALSE
	EndGlobalSection
	GlobalSection(ExtensibilityGlobals) = postSolution
		SolutionGuid = {B49FC5FB-EF16-4965-808D-1922E9807FB0}
	EndGlobalSection
EndGlobal
